
Microsoft Visual Studio Solution File, Format Version 10.00
# Visual Studio 2008
Project("{FAE04EC0-301F-11D3-BF4B-00C04F79EFBC}") = "EDFApplication", "EDFApplication.csproj", "{EE787824-A2A8-4EF0-87B1-5169F7DD134E}"
	ProjectSection(ProjectDependencies) = postProject
		{70A3A9A6-4D12-484A-8E08-299C78D97316} = {70A3A9A6-4D12-484A-8E08-299C78D97316}
	EndProjectSection
EndProject
Project("{FAE04EC0-301F-11D3-BF4B-00C04F79EFBC}") = "EDF", "..\EDF.csproj", "{70A3A9A6-4D12-484A-8E08-299C78D97316}"
EndProject
Global
	GlobalSection(SolutionConfigurationPlatforms) = preSolution
		Debug|Any CPU = Debug|Any CPU
		Release|Any CPU = Release|Any CPU
	EndGlobalSection
	GlobalSection(ProjectConfigurationPlatforms) = postSolution
		{EE787824-A2A8-4EF0-87B1-5169F7DD134E}.Debug|Any CPU.ActiveCfg = Debug|Any CPU
		{EE787824-A2A8-4EF0-87B1-5169F7DD134E}.Debug|Any CPU.Build.0 = Debug|Any CPU
		{EE787824-A2A8-4EF0-87B1-5169F7DD134E}.Release|Any CPU.ActiveCfg = Release|Any CPU
		{EE787824-A2A8-4EF0-87B1-5169F7DD134E}.Release|Any CPU.Build.0 = Release|Any CPU
		{70A3A9A6-4D12-484A-8E08-299C78D97316}.Debug|Any CPU.ActiveCfg = Debug|Any CPU
		{70A3A9A6-4D12-484A-8E08-299C78D97316}.Debug|Any CPU.Build.0 = Debug|Any CPU
		{70A3A9A6-4D12-484A-8E08-299C78D97316}.Release|Any CPU.ActiveCfg = Release|Any CPU
		{70A3A9A6-4D12-484A-8E08-299C78D97316}.Release|Any CPU.Build.0 = Release|Any CPU
	EndGlobalSection
	GlobalSection(SolutionProperties) = preSolution
		HideSolutionNode = FALSE
	EndGlobalSection
EndGlobal
